
Microsoft Visual Studio Solution File, Format Version 12.00
# Visual Studio Version 17
VisualStudioVersion = 17.3.32929.385
MinimumVisualStudioVersion = 10.0.40219.1
Project("{FAE04EC0-301F-11D3-BF4B-00C04F79EFBC}") = "Toplicean_Iustina_Lab1", "Toplicean_Iustina_Lab1\Toplicean_Iustina_Lab1.csproj", "{747962AD-0189-4481-A95C-01B5C7A59748}"
EndProject
Global
	GlobalSection(SolutionConfigurationPlatforms) = preSolution
		Debug|Any CPU = Debug|Any CPU
		Release|Any CPU = Release|Any CPU
	EndGlobalSection
	GlobalSection(ProjectConfigurationPlatforms) = postSolution
		{747962AD-0189-4481-A95C-01B5C7A59748}.Debug|Any CPU.ActiveCfg = Debug|Any CPU
		{747962AD-0189-4481-A95C-01B5C7A59748}.Debug|Any CPU.Build.0 = Debug|Any CPU
		{747962AD-0189-4481-A95C-01B5C7A59748}.Release|Any CPU.ActiveCfg = Release|Any CPU
		{747962AD-0189-4481-A95C-01B5C7A59748}.Release|Any CPU.Build.0 = Release|Any CPU
	EndGlobalSection
	GlobalSection(SolutionProperties) = preSolution
		HideSolutionNode = FALSE
	EndGlobalSection
	GlobalSection(ExtensibilityGlobals) = postSolution
		SolutionGuid = {2117FBD4-FDBD-48E3-86B3-1B41B6E2CDED}
	EndGlobalSection
EndGlobal
